// !$*UTF8*$!
{
	archiveVersion = 1;
	classes = {
	};
	objectVersion = 46;
	objects = {

/* Begin PBXBuildFile section */
		9C588AC21C2538970005B6C9 /* WebHandler.m in Sources */ = {isa = PBXBuildFile; fileRef = 9C588AC11C2538970005B6C9 /* WebHandler.m */; };
		9C588AC51C25428B0005B6C9 /* UIHeaderView.m in Sources */ = {isa = PBXBuildFile; fileRef = 9C588AC41C25428B0005B6C9 /* UIHeaderView.m */; };
		9C588AC81C2542A30005B6C9 /* UIFooterView.m in Sources */ = {isa = PBXBuildFile; fileRef = 9C588AC71C2542A30005B6C9 /* UIFooterView.m */; };
		9C8A42041C205D8F000397EA /* main.m in Sources */ = {isa = PBXBuildFile; fileRef = 9C8A42031C205D8F000397EA /* main.m */; };
		9C8A42071C205D8F000397EA /* AppDelegate.m in Sources */ = {isa = PBXBuildFile; fileRef = 9C8A42061C205D8F000397EA /* AppDelegate.m */; };
		9C8A420A1C205D8F000397EA /* ViewController.m in Sources */ = {isa = PBXBuildFile; fileRef = 9C8A42091C205D8F000397EA /* ViewController.m */; };
		9C8A420D1C205D8F000397EA /* Main.storyboard in Resources */ = {isa = PBXBuildFile; fileRef = 9C8A420B1C205D8F000397EA /* Main.storyboard */; };
		9C8A420F1C205D8F000397EA /* Assets.xcassets in Resources */ = {isa = PBXBuildFile; fileRef = 9C8A420E1C205D8F000397EA /* Assets.xcassets */; };
		9C8A42121C205D8F000397EA /* LaunchScreen.storyboard in Resources */ = {isa = PBXBuildFile; fileRef = 9C8A42101C205D8F000397EA /* LaunchScreen.storyboard */; };
/* End PBXBuildFile section */

/* Begin PBXFileReference section */
		9C588AC01C2538970005B6C9 /* WebHandler.h */ = {isa = PBXFileReference; fileEncoding = 4; lastKnownFileType = sourcecode.c.h; path = WebHandler.h; sourceTree = "<group>"; };
		9C588AC11C2538970005B6C9 /* WebHandler.m */ = {isa = PBXFileReference; fileEncoding = 4; lastKnownFileType = sourcecode.c.objc; path = WebHandler.m; sourceTree = "<group>"; };
		9C588AC31C25428B0005B6C9 /* UIHeaderView.h */ = {isa = PBXFileReference; fileEncoding = 4; lastKnownFileType = sourcecode.c.h; path = UIHeaderView.h; sourceTree = "<group>"; };
		9C588AC41C25428B0005B6C9 /* UIHeaderView.m */ = {isa = PBXFileReference; fileEncoding = 4; lastKnownFileType = sourcecode.c.objc; path = UIHeaderView.m; sourceTree = "<group>"; };
		9C588AC61C2542A30005B6C9 /* UIFooterView.h */ = {isa = PBXFileReference; fileEncoding = 4; lastKnownFileType = sourcecode.c.h; path = UIFooterView.h; sourceTree = "<group>"; };
		9C588AC71C2542A30005B6C9 /* UIFooterView.m */ = {isa = PBXFileReference; fileEncoding = 4; lastKnownFileType = sourcecode.c.objc; path = UIFooterView.m; sourceTree = "<group>"; };
		9C8A41FF1C205D8F000397EA /* iOSWebViewTest.app */ = {isa = PBXFileReference; explicitFileType = wrapper.application; includeInIndex = 0; path = iOSWebViewTest.app; sourceTree = BUILT_PRODUCTS_DIR; };
		9C8A42031C205D8F000397EA /* main.m */ = {isa = PBXFileReference; lastKnownFileType = sourcecode.c.objc; path = main.m; sourceTree = "<group>"; };
		9C8A42051C205D8F000397EA /* AppDelegate.h */ = {isa = PBXFileReference; lastKnownFileType = sourcecode.c.h; path = AppDelegate.h; sourceTree = "<group>"; };
		9C8A42061C205D8F000397EA /* AppDelegate.m */ = {isa = PBXFileReference; lastKnownFileType = sourcecode.c.objc; path = AppDelegate.m; sourceTree = "<group>"; };
		9C8A42081C205D8F000397EA /* ViewController.h */ = {isa = PBXFileReference; lastKnownFileType = sourcecode.c.h; path = ViewController.h; sourceTree = "<group>"; };
		9C8A42091C205D8F000397EA /* ViewController.m */ = {isa = PBXFileReference; lastKnownFileType = sourcecode.c.objc; path = ViewController.m; sourceTree = "<group>"; };
		9C8A420C1C205D8F000397EA /* Base */ = {isa = PBXFileReference; lastKnownFileType = file.storyboard; name = Base; path = Base.lproj/Main.storyboard; sourceTree = "<group>"; };
		9C8A420E1C205D8F000397EA /* Assets.xcassets */ = {isa = PBXFileReference; lastKnownFileType = folder.assetcatalog; path = Assets.xcassets; sourceTree = "<group>"; };
		9C8A42111C205D8F000397EA /* Base */ = {isa = PBXFileReference; lastKnownFileType = file.storyboard; name = Base; path = Base.lproj/LaunchScreen.storyboard; sourceTree = "<group>"; };
		9C8A42131C205D8F000397EA /* Info.plist */ = {isa = PBXFileReference; lastKnownFileType = text.plist.xml; path = Info.plist; sourceTree = "<group>"; };
/* End PBXFileReference section */

/* Begin PBXFrameworksBuildPhase section */
		9C8A41FC1C205D8F000397EA /* Frameworks */ = {
			isa = PBXFrameworksBuildPhase;
			buildActionMask = 2147483647;
			files = (
			);
			runOnlyForDeploymentPostprocessing = 0;
		};
/* End PBXFrameworksBuildPhase section */

/* Begin PBXGroup section */
		9C8A41F61C205D8F000397EA = {
			isa = PBXGroup;
			children = (
				9C8A42011C205D8F000397EA /* iOSWebViewTest */,
				9C8A42001C205D8F000397EA /* Products */,
			);
			sourceTree = "<group>";
		};
		9C8A42001C205D8F000397EA /* Products */ = {
			isa = PBXGroup;
			children = (
				9C8A41FF1C205D8F000397EA /* iOSWebViewTest.app */,
			);
			name = Products;
			sourceTree = "<group>";
		};
		9C8A42011C205D8F000397EA /* iOSWebViewTest */ = {
			isa = PBXGroup;
			children = (
				9C8A42051C205D8F000397EA /* AppDelegate.h */,
				9C8A42061C205D8F000397EA /* AppDelegate.m */,
				9C8A42081C205D8F000397EA /* ViewController.h */,
				9C8A42091C205D8F000397EA /* ViewController.m */,
				9C8A420B1C205D8F000397EA /* Main.storyboard */,
				9C8A420E1C205D8F000397EA /* Assets.xcassets */,
				9C8A42101C205D8F000397EA /* LaunchScreen.storyboard */,
				9C8A42131C205D8F000397EA /* Info.plist */,
				9C8A42021C205D8F000397EA /* Supporting Files */,
				9C588AC01C2538970005B6C9 /* WebHandler.h */,
				9C588AC11C2538970005B6C9 /* WebHandler.m */,
				9C588AC31C25428B0005B6C9 /* UIHeaderView.h */,
				9C588AC41C25428B0005B6C9 /* UIHeaderView.m */,
				9C588AC61C2542A30005B6C9 /* UIFooterView.h */,
				9C588AC71C2542A30005B6C9 /* UIFooterView.m */,
			);
			path = iOSWebViewTest;
			sourceTree = "<group>";
		};
		9C8A42021C205D8F000397EA /* Supporting Files */ = {
			isa = PBXGroup;
			children = (
				9C8A42031C205D8F000397EA /* main.m */,
			);
			name = "Supporting Files";
			sourceTree = "<group>";
		};
/* End PBXGroup section */

/* Begin PBXNativeTarget section */
		9C8A41FE1C205D8F000397EA /* iOSWebViewTest */ = {
			isa = PBXNativeTarget;
			buildConfigurationList = 9C8A42161C205D8F000397EA /* Build configuration list for PBXNativeTarget "iOSWebViewTest" */;
			buildPhases = (
				9C8A41FB1C205D8F000397EA /* Sources */,
				9C8A41FC1C205D8F000397EA /* Frameworks */,
				9C8A41FD1C205D8F000397EA /* Resources */,
			);
			buildRules = (
			);
			dependencies = (
			);
			name = iOSWebViewTest;
			productName = iOSWebViewTest;
			productReference = 9C8A41FF1C205D8F000397EA /* iOSWebViewTest.app */;
			productType = "com.apple.product-type.application";
		};
/* End PBXNativeTarget section */

/* Begin PBXProject section */
		9C8A41F71C205D8F000397EA /* Project object */ = {
			isa = PBXProject;
			attributes = {
				LastUpgradeCheck = 0720;
				ORGANIZATIONNAME = "SEUNGWON KIM";
				TargetAttributes = {
					9C8A41FE1C205D8F000397EA = {
						CreatedOnToolsVersion = 7.2;
					};
				};
			};
			buildConfigurationList = 9C8A41FA1C205D8F000397EA /* Build configuration list for PBXProject "iOSWebViewTest" */;
			compatibilityVersion = "Xcode 3.2";
			developmentRegion = English;
			hasScannedForEncodings = 0;
			knownRegions = (
				en,
				Base,
			);
			mainGroup = 9C8A41F61C205D8F000397EA;
			productRefGroup = 9C8A42001C205D8F000397EA /* Products */;
			projectDirPath = "";
			projectRoot = "";
			targets = (
				9C8A41FE1C205D8F000397EA /* iOSWebViewTest */,
			);
		};
/* End PBXProject section */

/* Begin PBXResourcesBuildPhase section */
		9C8A41FD1C205D8F000397EA /* Resources */ = {
			isa = PBXResourcesBuildPhase;
			buildActionMask = 2147483647;
			files = (
				9C8A42121C205D8F000397EA /* LaunchScreen.storyboard in Resources */,
				9C8A420F1C205D8F000397EA /* Assets.xcassets in Resources */,
				9C8A420D1C205D8F000397EA /* Main.storyboard in Resources */,
			);
			runOnlyForDeploymentPostprocessing = 0;
		};
/* End PBXResourcesBuildPhase section */

/* Begin PBXSourcesBuildPhase section */
		9C8A41FB1C205D8F000397EA /* Sources */ = {
			isa = PBXSourcesBuildPhase;
			buildActionMask = 2147483647;
			files = (
				9C8A420A1C205D8F000397EA /* ViewController.m in Sources */,
				9C588AC81C2542A30005B6C9 /* UIFooterView.m in Sources */,
				9C8A42071C205D8F000397EA /* AppDelegate.m in Sources */,
				9C588AC51C25428B0005B6C9 /* UIHeaderView.m in Sources */,
				9C8A42041C205D8F000397EA /* main.m in Sources */,
				9C588AC21C2538970005B6C9 /* WebHandler.m in Sources */,
			);
			runOnlyForDeploymentPostprocessing = 0;
		};
/* End PBXSourcesBuildPhase section */

/* Begin PBXVariantGroup section */
		9C8A420B1C205D8F000397EA /* Main.storyboard */ = {
			isa = PBXVariantGroup;
			children = (
				9C8A420C1C205D8F000397EA /* Base */,
			);
			name = Main.storyboard;
			sourceTree = "<group>";
		};
		9C8A42101C205D8F000397EA /* LaunchScreen.storyboard */ = {
			isa = PBXVariantGroup;
			children = (
				9C8A42111C205D8F000397EA /* Base */,
			);
			name = LaunchScreen.storyboard;
			sourceTree = "<group>";
		};
/* End PBXVariantGroup section */

/* Begin XCBuildConfiguration section */
		9C8A42141C205D8F000397EA /* Debug */ = {
			isa = XCBuildConfiguration;
			buildSettings = {
				ALWAYS_SEARCH_USER_PATHS = NO;
				CLANG_CXX_LANGUAGE_STANDARD = "gnu++0x";
				CLANG_CXX_LIBRARY = "libc++";
				CLANG_ENABLE_MODULES = YES;
				CLANG_ENABLE_OBJC_ARC = YES;
				CLANG_WARN_BOOL_CONVERSION = YES;
				CLANG_WARN_CONSTANT_CONVERSION = YES;
				CLANG_WARN_DIRECT_OBJC_ISA_USAGE = YES_ERROR;
				CLANG_WARN_EMPTY_BODY = YES;
				CLANG_WARN_ENUM_CONVERSION = YES;
				CLANG_WARN_INT_CONVERSION = YES;
				CLANG_WARN_OBJC_ROOT_CLASS = YES_ERROR;
				CLANG_WARN_UNREACHABLE_CODE = YES;
				CLANG_WARN__DUPLICATE_METHOD_MATCH = YES;
				"CODE_SIGN_IDENTITY[sdk=iphoneos*]" = "iPhone Developer";
				COPY_PHASE_STRIP = NO;
				DEBUG_INFORMATION_FORMAT = dwarf;
				ENABLE_STRICT_OBJC_MSGSEND = YES;
				ENABLE_TESTABILITY = YES;
				GCC_C_LANGUAGE_STANDARD = gnu99;
				GCC_DYNAMIC_NO_PIC = NO;
				GCC_NO_COMMON_BLOCKS = YES;
				GCC_OPTIMIZATION_LEVEL = 0;
				GCC_PREPROCESSOR_DEFINITIONS = (
					"DEBUG=1",
					"$(inherited)",
				);
				GCC_WARN_64_TO_32_BIT_CONVERSION = YES;
				GCC_WARN_ABOUT_RETURN_TYPE = YES_ERROR;
				GCC_WARN_UNDECLARED_SELECTOR = YES;
				GCC_WARN_UNINITIALIZED_AUTOS = YES_AGGRESSIVE;
				GCC_WARN_UNUSED_FUNCTION = YES;
				GCC_WARN_UNUSED_VARIABLE = YES;
				IPHONEOS_DEPLOYMENT_TARGET = 9.2;
				MTL_ENABLE_DEBUG_INFO = YES;
				ONLY_ACTIVE_ARCH = YES;
				SDKROOT = iphoneos;
			};
			name = Debug;
		};
		9C8A42151C205D8F000397EA /* Release */ = {
			isa = XCBuildConfiguration;
			buildSettings = {
				ALWAYS_SEARCH_USER_PATHS = NO;
				CLANG_CXX_LANGUAGE_STANDARD = "gnu++0x";
				CLANG_CXX_LIBRARY = "libc++";
				CLANG_ENABLE_MODULES = YES;
				CLANG_ENABLE_OBJC_ARC = YES;
				CLANG_WARN_BOOL_CONVERSION = YES;
				CLANG_WARN_CONSTANT_CONVERSION = YES;
				CLANG_WARN_DIRECT_OBJC_ISA_USAGE = YES_ERROR;
				CLANG_WARN_EMPTY_BODY = YES;
				CLANG_WARN_ENUM_CONVERSION = YES;
				CLANG_WARN_INT_CONVERSION = YES;
				CLANG_WARN_OBJC_ROOT_CLASS = YES_ERROR;
				CLANG_WARN_UNREACHABLE_CODE = YES;
				CLANG_WARN__DUPLICATE_METHOD_MATCH = YES;
				"CODE_SIGN_IDENTITY[sdk=iphoneos*]" = "iPhone Developer";
				COPY_PHASE_STRIP = NO;
				DEBUG_INFORMATION_FORMAT = "dwarf-with-dsym";
				ENABLE_NS_ASSERTIONS = NO;
				ENABLE_STRICT_OBJC_MSGSEND = YES;
				GCC_C_LANGUAGE_STANDARD = gnu99;
				GCC_NO_COMMON_BLOCKS = YES;
				GCC_WARN_64_TO_32_BIT_CONVERSION = YES;
				GCC_WARN_ABOUT_RETURN_TYPE = YES_ERROR;
				GCC_WARN_UNDECLARED_SELECTOR = YES;
				GCC_WARN_UNINITIALIZED_AUTOS = YES_AGGRESSIVE;
				GCC_WARN_UNUSED_FUNCTION = YES;
				GCC_WARN_UNUSED_VARIABLE = YES;
				IPHONEOS_DEPLOYMENT_TARGET = 9.2;
				MTL_ENABLE_DEBUG_INFO = NO;
				SDKROOT = iphoneos;
				VALIDATE_PRODUCT = YES;
			};
			name = Release;
		};
		9C8A42171C205D8F000397EA /* Debug */ = {
			isa = XCBuildConfiguration;
			buildSettings = {
				ASSETCATALOG_COMPILER_APPICON_NAME = AppIcon;
				INFOPLIST_FILE = iOSWebViewTest/Info.plist;
				LD_RUNPATH_SEARCH_PATHS = "$(inherited) @executable_path/Frameworks";
				PRODUCT_BUNDLE_IDENTIFIER = com.Lucky7Studio.iOSWebViewTest;
				PRODUCT_NAME = "$(TARGET_NAME)";
			};
			name = Debug;
		};
		9C8A42181C205D8F000397EA /* Release */ = {
			isa = XCBuildConfiguration;
			buildSettings = {
				ASSETCATALOG_COMPILER_APPICON_NAME = AppIcon;
				INFOPLIST_FILE = iOSWebViewTest/Info.plist;
				LD_RUNPATH_SEARCH_PATHS = "$(inherited) @executable_path/Frameworks";
				PRODUCT_BUNDLE_IDENTIFIER = com.Lucky7Studio.iOSWebViewTest;
				PRODUCT_NAME = "$(TARGET_NAME)";
			};
			name = Release;
		};
/* End XCBuildConfiguration section */

/* Begin XCConfigurationList section */
		9C8A41FA1C205D8F000397EA /* Build configuration list for PBXProject "iOSWebViewTest" */ = {
			isa = XCConfigurationList;
			buildConfigurations = (
				9C8A42141C205D8F000397EA /* Debug */,
				9C8A42151C205D8F000397EA /* Release */,
			);
			defaultConfigurationIsVisible = 0;
			defaultConfigurationName = Release;
		};
		9C8A42161C205D8F000397EA /* Build configuration list for PBXNativeTarget "iOSWebViewTest" */ = {
			isa = XCConfigurationList;
			buildConfigurations = (
				9C8A42171C205D8F000397EA /* Debug */,
				9C8A42181C205D8F000397EA /* Release */,
			);
			defaultConfigurationIsVisible = 0;
			defaultConfigurationName = Release;
		};
/* End XCConfigurationList section */
	};
	rootObject = 9C8A41F71C205D8F000397EA /* Project object */;
}
